
Microsoft Visual Studio Solution File, Format Version 12.00
# Visual Studio Version 16
VisualStudioVersion = 16.0.30011.22
MinimumVisualStudioVersion = 10.0.40219.1
Project("{FAE04EC0-301F-11D3-BF4B-00C04F79EFBC}") = "GravityCurrent3D", "GravityCurrent3D\GravityCurrent3D.csproj", "{FE729ECC-A3F4-4190-AF9B-8ED4BBB41C36}"
EndProject
Global
	GlobalSection(SolutionConfigurationPlatforms) = preSolution
		Debug|Any CPU = Debug|Any CPU
		Release|Any CPU = Release|Any CPU
	EndGlobalSection
	GlobalSection(ProjectConfigurationPlatforms) = postSolution
		{FE729ECC-A3F4-4190-AF9B-8ED4BBB41C36}.Debug|Any CPU.ActiveCfg = Debug|Any CPU
		{FE729ECC-A3F4-4190-AF9B-8ED4BBB41C36}.Debug|Any CPU.Build.0 = Debug|Any CPU
		{FE729ECC-A3F4-4190-AF9B-8ED4BBB41C36}.Release|Any CPU.ActiveCfg = Release|Any CPU
		{FE729ECC-A3F4-4190-AF9B-8ED4BBB41C36}.Release|Any CPU.Build.0 = Release|Any CPU
	EndGlobalSection
	GlobalSection(SolutionProperties) = preSolution
		HideSolutionNode = FALSE
	EndGlobalSection
	GlobalSection(ExtensibilityGlobals) = postSolution
		SolutionGuid = {E6546DEC-91AA-41CB-8D75-5F4BAB4CF928}
	EndGlobalSection
EndGlobal
